<Solution>
  <Folder Name="/servicios/">
    <Project Path="servicios/animales_lib/animales_lib.csproj" />
    <Project Path="servicios/animales_servicios/animales_servicios.csproj" />
  </Folder>
  <Folder Name="/presentacion/">
    <Project Path="presentacion/animales_lib/animales_lib.csproj" />
    <Project Path="presentacion/animales_web_presentacion/animales_web_presentacion.csproj" />
  </Folder>
</Solution>
